
Microsoft Visual Studio Solution File, Format Version 12.00
# Visual Studio Version 17
VisualStudioVersion = 17.4.33103.184
MinimumVisualStudioVersion = 10.0.40219.1
Project("{9A19103F-16F7-4668-BE54-9A1E7A4F7556}") = "PTI.Microservices.Library.AzureBlobStorage", "PTI.Microservices.Library.AzureBlobStorage.csproj", "{F72524EF-DFA0-4F16-B18D-D653E91D5E74}"
EndProject
Global
	GlobalSection(SolutionConfigurationPlatforms) = preSolution
		Debug|Any CPU = Debug|Any CPU
		Release|Any CPU = Release|Any CPU
	EndGlobalSection
	GlobalSection(ProjectConfigurationPlatforms) = postSolution
		{F72524EF-DFA0-4F16-B18D-D653E91D5E74}.Debug|Any CPU.ActiveCfg = Debug|Any CPU
		{F72524EF-DFA0-4F16-B18D-D653E91D5E74}.Debug|Any CPU.Build.0 = Debug|Any CPU
		{F72524EF-DFA0-4F16-B18D-D653E91D5E74}.Release|Any CPU.ActiveCfg = Release|Any CPU
		{F72524EF-DFA0-4F16-B18D-D653E91D5E74}.Release|Any CPU.Build.0 = Release|Any CPU
	EndGlobalSection
	GlobalSection(SolutionProperties) = preSolution
		HideSolutionNode = FALSE
	EndGlobalSection
	GlobalSection(ExtensibilityGlobals) = postSolution
		SolutionGuid = {FC850BA1-B205-45A8-9283-B44D91913AD1}
	EndGlobalSection
EndGlobal
